// !$*UTF8*$!
{
	archiveVersion = 1;
	classes = {
	};
	objectVersion = 50;
	objects = {

/* Begin PBXBuildFile section */
		1C6B339EE4E95F46B12F96FC /* Pods_QuakeData.framework in Frameworks */ = {isa = PBXBuildFile; fileRef = D15D9E9A402B6E853B58D491 /* Pods_QuakeData.framework */; };
		443C5C3572B3FFA1C0863890 /* Pods_CanvasQuakeTests.framework in Frameworks */ = {isa = PBXBuildFile; fileRef = 9B090BCB0BF8E22EAF5450E9 /* Pods_CanvasQuakeTests.framework */; };
		550A8BF520F7A32600BBF37E /* FilterSectionHeaderView.xib in Resources */ = {isa = PBXBuildFile; fileRef = 550A8BF420F7A32600BBF37E /* FilterSectionHeaderView.xib */; };
		550A8BF720F7A33400BBF37E /* FilterSectionHeaderView.swift.swift in Sources */ = {isa = PBXBuildFile; fileRef = 550A8BF620F7A33400BBF37E /* FilterSectionHeaderView.swift.swift */; };
		552E78A920C07BCB002C4AE2 /* QuakeTableViewCell.swift in Sources */ = {isa = PBXBuildFile; fileRef = 552E78A820C07BCB002C4AE2 /* QuakeTableViewCell.swift */; };
		552E78AB20C07C01002C4AE2 /* QuakeViewController.swift in Sources */ = {isa = PBXBuildFile; fileRef = 552E78AA20C07C01002C4AE2 /* QuakeViewController.swift */; };
		554BE12F20C09BF900C07248 /* CalendarViewController.swift in Sources */ = {isa = PBXBuildFile; fileRef = 554BE12E20C09BF900C07248 /* CalendarViewController.swift */; };
		554BE13320C0AA0700C07248 /* Date+Extension.swift in Sources */ = {isa = PBXBuildFile; fileRef = 554BE13220C0AA0700C07248 /* Date+Extension.swift */; };
		554BE13520C0F4D000C07248 /* UIColor+Extension.swift in Sources */ = {isa = PBXBuildFile; fileRef = 554BE13420C0F4D000C07248 /* UIColor+Extension.swift */; };
		554BE13820C0F91500C07248 /* UIViewCanvas.swift in Sources */ = {isa = PBXBuildFile; fileRef = 554BE13720C0F91500C07248 /* UIViewCanvas.swift */; };
		55562C5120C070C60016B718 /* AppDelegate.swift in Sources */ = {isa = PBXBuildFile; fileRef = 55562C5020C070C60016B718 /* AppDelegate.swift */; };
		55562C5620C070C60016B718 /* Main.storyboard in Resources */ = {isa = PBXBuildFile; fileRef = 55562C5420C070C60016B718 /* Main.storyboard */; };
		55562C5B20C070C70016B718 /* Assets.xcassets in Resources */ = {isa = PBXBuildFile; fileRef = 55562C5A20C070C70016B718 /* Assets.xcassets */; };
		55562C5E20C070C70016B718 /* LaunchScreen.storyboard in Resources */ = {isa = PBXBuildFile; fileRef = 55562C5C20C070C70016B718 /* LaunchScreen.storyboard */; };
		55562C6920C070C80016B718 /* CanvasQuakeTests.swift in Sources */ = {isa = PBXBuildFile; fileRef = 55562C6820C070C80016B718 /* CanvasQuakeTests.swift */; };
		55562C7420C070C80016B718 /* CanvasQuakeUITests.swift in Sources */ = {isa = PBXBuildFile; fileRef = 55562C7320C070C80016B718 /* CanvasQuakeUITests.swift */; };
		5564C13620F6F37800555A6A /* BoundingBoxes.json in Resources */ = {isa = PBXBuildFile; fileRef = 5564C13520F6F37800555A6A /* BoundingBoxes.json */; };
		5564C13820F6F3D800555A6A /* FilterViewController.swift in Sources */ = {isa = PBXBuildFile; fileRef = 5564C13720F6F3D800555A6A /* FilterViewController.swift */; };
		5571559F20F3E511001BFE71 /* MapViewController.swift in Sources */ = {isa = PBXBuildFile; fileRef = 5571559E20F3E511001BFE71 /* MapViewController.swift */; };
		557155A120F3F42E001BFE71 /* MapPin.swift in Sources */ = {isa = PBXBuildFile; fileRef = 557155A020F3F42E001BFE71 /* MapPin.swift */; };
		557155A320F403E1001BFE71 /* MapRegionUtility.swift in Sources */ = {isa = PBXBuildFile; fileRef = 557155A220F403E1001BFE71 /* MapRegionUtility.swift */; };
		557155A520F4D888001BFE71 /* ConnectivityUtility.swift in Sources */ = {isa = PBXBuildFile; fileRef = 557155A420F4D888001BFE71 /* ConnectivityUtility.swift */; };
		5580D78420C30ED7004E692F /* Double+Extension.swift in Sources */ = {isa = PBXBuildFile; fileRef = 5580D78320C30ED7004E692F /* Double+Extension.swift */; };
		5583361020F9688000A2D1C5 /* String+Extension.swift in Sources */ = {isa = PBXBuildFile; fileRef = 5583360F20F9688000A2D1C5 /* String+Extension.swift */; };
		55874D8B20C3A9DB00666793 /* Formatter+Extension.swift in Sources */ = {isa = PBXBuildFile; fileRef = 55874D8A20C3A9DB00666793 /* Formatter+Extension.swift */; };
		558FA7F720C11970004A16C0 /* QuakeDataManager.swift in Sources */ = {isa = PBXBuildFile; fileRef = 558FA7F620C11970004A16C0 /* QuakeDataManager.swift */; };
		558FA7F920C119A5004A16C0 /* SeismicStructs.swift in Sources */ = {isa = PBXBuildFile; fileRef = 558FA7F820C119A5004A16C0 /* SeismicStructs.swift */; };
		558FA7FD20C12FB0004A16C0 /* EarthquakeEntity+Extension.swift in Sources */ = {isa = PBXBuildFile; fileRef = 558FA7FC20C12FB0004A16C0 /* EarthquakeEntity+Extension.swift */; };
		55940CBB20C778B700C5D38B /* MapPredicate.swift in Sources */ = {isa = PBXBuildFile; fileRef = 55940CBA20C778B700C5D38B /* MapPredicate.swift */; };
		55AC767220C89F03003940C3 /* UITableView+Extension.swift in Sources */ = {isa = PBXBuildFile; fileRef = 55AC767120C89F03003940C3 /* UITableView+Extension.swift */; };
		55AE125320C0752D00DB7F6C /* Constants.swift in Sources */ = {isa = PBXBuildFile; fileRef = 55AE125220C0752D00DB7F6C /* Constants.swift */; };
		55AE125820C0756100DB7F6C /* Complementary.png in Resources */ = {isa = PBXBuildFile; fileRef = 55AE125520C0756000DB7F6C /* Complementary.png */; };
		55AE125920C0756100DB7F6C /* GradientShades.png in Resources */ = {isa = PBXBuildFile; fileRef = 55AE125620C0756000DB7F6C /* GradientShades.png */; };
		55AE125A20C0756100DB7F6C /* Master.png in Resources */ = {isa = PBXBuildFile; fileRef = 55AE125720C0756100DB7F6C /* Master.png */; };
		55AE125C20C0763800DB7F6C /* CanvasQuake.xcdatamodel in Sources */ = {isa = PBXBuildFile; fileRef = 55AE125B20C0763800DB7F6C /* CanvasQuake.xcdatamodel */; };
		55AE125F20C0767300DB7F6C /* UIViewController+Extension.swift in Sources */ = {isa = PBXBuildFile; fileRef = 55AE125E20C0767300DB7F6C /* UIViewController+Extension.swift */; };
		55B6479820FA846A003FEDE3 /* FilterHeaderView.xib in Resources */ = {isa = PBXBuildFile; fileRef = 55B6479720FA846A003FEDE3 /* FilterHeaderView.xib */; };
		55B6479A20FA8475003FEDE3 /* FilterHeaderView.swift in Sources */ = {isa = PBXBuildFile; fileRef = 55B6479920FA8475003FEDE3 /* FilterHeaderView.swift */; };
		55B75BD620C1C868007B1602 /* ABWebView.xib in Resources */ = {isa = PBXBuildFile; fileRef = 55B75BD420C1C867007B1602 /* ABWebView.xib */; };
		55B75BD720C1C868007B1602 /* ABWebView.swift in Sources */ = {isa = PBXBuildFile; fileRef = 55B75BD520C1C868007B1602 /* ABWebView.swift */; };
		55DAB9C620CAAD36006D289D /* FloatingPoint+Extension.swift in Sources */ = {isa = PBXBuildFile; fileRef = 55DAB9C520CAAD36006D289D /* FloatingPoint+Extension.swift */; };
		55E70A4520F5C1AC008EE313 /* ExistingDataUtil.swift in Sources */ = {isa = PBXBuildFile; fileRef = 55E70A4420F5C1AC008EE313 /* ExistingDataUtil.swift */; };
		568B28EE85EB68E60B6FCB86 /* Pods_QuakeDataUITests.framework in Frameworks */ = {isa = PBXBuildFile; fileRef = 3E2B2BB8E9604B801392ADB7 /* Pods_QuakeDataUITests.framework */; };
		9ABC520EF973C3B9C07ABAF5 /* Pods_CanvasQuakeUITests.framework in Frameworks */ = {isa = PBXBuildFile; fileRef = 1C536091BC35D8235C3BCD28 /* Pods_CanvasQuakeUITests.framework */; };
		9C7D7926AA26EBEC49DAD157 /* Pods_QuakeDataTests.framework in Frameworks */ = {isa = PBXBuildFile; fileRef = A32CCF824DC32CCE7D9725A0 /* Pods_QuakeDataTests.framework */; };
/* End PBXBuildFile section */

/* Begin PBXContainerItemProxy section */
		55562C6520C070C80016B718 /* PBXContainerItemProxy */ = {
			isa = PBXContainerItemProxy;
			containerPortal = 55562C4520C070C60016B718 /* Project object */;
			proxyType = 1;
			remoteGlobalIDString = 55562C4C20C070C60016B718;
			remoteInfo = CanvasQuake;
		};
		55562C7020C070C80016B718 /* PBXContainerItemProxy */ = {
			isa = PBXContainerItemProxy;
			containerPortal = 55562C4520C070C60016B718 /* Project object */;
			proxyType = 1;
			remoteGlobalIDString = 55562C4C20C070C60016B718;
			remoteInfo = CanvasQuake;
		};
/* End PBXContainerItemProxy section */

/* Begin PBXFileReference section */
		029883B028C116A78B33BF15 /* Pods-CanvasQuake.debug.xcconfig */ = {isa = PBXFileReference; includeInIndex = 1; lastKnownFileType = text.xcconfig; name = "Pods-CanvasQuake.debug.xcconfig"; path = "Pods/Target Support Files/Pods-CanvasQuake/Pods-CanvasQuake.debug.xcconfig"; sourceTree = "<group>"; };
		0D7DF4F1F0E6CD42D46510C5 /* Pods-CanvasQuakeTests.release.xcconfig */ = {isa = PBXFileReference; includeInIndex = 1; lastKnownFileType = text.xcconfig; name = "Pods-CanvasQuakeTests.release.xcconfig"; path = "Pods/Target Support Files/Pods-CanvasQuakeTests/Pods-CanvasQuakeTests.release.xcconfig"; sourceTree = "<group>"; };
		0E245B9B20E08DE2D0AF6D75 /* Pods-CanvasQuake.release.xcconfig */ = {isa = PBXFileReference; includeInIndex = 1; lastKnownFileType = text.xcconfig; name = "Pods-CanvasQuake.release.xcconfig"; path = "Pods/Target Support Files/Pods-CanvasQuake/Pods-CanvasQuake.release.xcconfig"; sourceTree = "<group>"; };
		139DA04B5E1788B8400298BB /* Pods-QuakeDataUITests.release.xcconfig */ = {isa = PBXFileReference; includeInIndex = 1; lastKnownFileType = text.xcconfig; name = "Pods-QuakeDataUITests.release.xcconfig"; path = "Pods/Target Support Files/Pods-QuakeDataUITests/Pods-QuakeDataUITests.release.xcconfig"; sourceTree = "<group>"; };
		1C536091BC35D8235C3BCD28 /* Pods_CanvasQuakeUITests.framework */ = {isa = PBXFileReference; explicitFileType = wrapper.framework; includeInIndex = 0; path = Pods_CanvasQuakeUITests.framework; sourceTree = BUILT_PRODUCTS_DIR; };
		2DEBFBC97CC0145DD33AFD3C /* Pods_CanvasQuake.framework */ = {isa = PBXFileReference; explicitFileType = wrapper.framework; includeInIndex = 0; path = Pods_CanvasQuake.framework; sourceTree = BUILT_PRODUCTS_DIR; };
		3E2B2BB8E9604B801392ADB7 /* Pods_QuakeDataUITests.framework */ = {isa = PBXFileReference; explicitFileType = wrapper.framework; includeInIndex = 0; path = Pods_QuakeDataUITests.framework; sourceTree = BUILT_PRODUCTS_DIR; };
		4731C9D708D90D9FFBEF0C35 /* Pods-CanvasQuakeTests.debug.xcconfig */ = {isa = PBXFileReference; includeInIndex = 1; lastKnownFileType = text.xcconfig; name = "Pods-CanvasQuakeTests.debug.xcconfig"; path = "Pods/Target Support Files/Pods-CanvasQuakeTests/Pods-CanvasQuakeTests.debug.xcconfig"; sourceTree = "<group>"; };
		550A8BF420F7A32600BBF37E /* FilterSectionHeaderView.xib */ = {isa = PBXFileReference; lastKnownFileType = file.xib; path = FilterSectionHeaderView.xib; sourceTree = "<group>"; };
		550A8BF620F7A33400BBF37E /* FilterSectionHeaderView.swift.swift */ = {isa = PBXFileReference; lastKnownFileType = sourcecode.swift; path = FilterSectionHeaderView.swift.swift; sourceTree = "<group>"; };
		552E78A820C07BCB002C4AE2 /* QuakeTableViewCell.swift */ = {isa = PBXFileReference; lastKnownFileType = sourcecode.swift; path = QuakeTableViewCell.swift; sourceTree = "<group>"; };
		552E78AA20C07C01002C4AE2 /* QuakeViewController.swift */ = {isa = PBXFileReference; lastKnownFileType = sourcecode.swift; path = QuakeViewController.swift; sourceTree = "<group>"; };
		553CEBFC20C1B61F00980569 /* README.md */ = {isa = PBXFileReference; lastKnownFileType = net.daringfireball.markdown; path = README.md; sourceTree = "<group>"; };
		554BE12E20C09BF900C07248 /* CalendarViewController.swift */ = {isa = PBXFileReference; lastKnownFileType = sourcecode.swift; path = CalendarViewController.swift; sourceTree = "<group>"; };
		554BE13220C0AA0700C07248 /* Date+Extension.swift */ = {isa = PBXFileReference; lastKnownFileType = sourcecode.swift; path = "Date+Extension.swift"; sourceTree = "<group>"; };
		554BE13420C0F4D000C07248 /* UIColor+Extension.swift */ = {isa = PBXFileReference; lastKnownFileType = sourcecode.swift; path = "UIColor+Extension.swift"; sourceTree = "<group>"; };
		554BE13720C0F91500C07248 /* UIViewCanvas.swift */ = {isa = PBXFileReference; lastKnownFileType = sourcecode.swift; path = UIViewCanvas.swift; sourceTree = "<group>"; };
		55562C4D20C070C60016B718 /* QuakeData.app */ = {isa = PBXFileReference; explicitFileType = wrapper.application; includeInIndex = 0; path = QuakeData.app; sourceTree = BUILT_PRODUCTS_DIR; };
		55562C5020C070C60016B718 /* AppDelegate.swift */ = {isa = PBXFileReference; lastKnownFileType = sourcecode.swift; path = AppDelegate.swift; sourceTree = "<group>"; };
		55562C5520C070C60016B718 /* Base */ = {isa = PBXFileReference; lastKnownFileType = file.storyboard; name = Base; path = Base.lproj/Main.storyboard; sourceTree = "<group>"; };
		55562C5A20C070C70016B718 /* Assets.xcassets */ = {isa = PBXFileReference; lastKnownFileType = folder.assetcatalog; path = Assets.xcassets; sourceTree = "<group>"; };
		55562C5D20C070C70016B718 /* Base */ = {isa = PBXFileReference; lastKnownFileType = file.storyboard; name = Base; path = Base.lproj/LaunchScreen.storyboard; sourceTree = "<group>"; };
		55562C5F20C070C70016B718 /* Info.plist */ = {isa = PBXFileReference; lastKnownFileType = text.plist.xml; path = Info.plist; sourceTree = "<group>"; };
		55562C6420C070C70016B718 /* QuakeDataTests.xctest */ = {isa = PBXFileReference; explicitFileType = wrapper.cfbundle; includeInIndex = 0; path = QuakeDataTests.xctest; sourceTree = BUILT_PRODUCTS_DIR; };
		55562C6820C070C80016B718 /* CanvasQuakeTests.swift */ = {isa = PBXFileReference; lastKnownFileType = sourcecode.swift; path = CanvasQuakeTests.swift; sourceTree = "<group>"; };
		55562C6A20C070C80016B718 /* Info.plist */ = {isa = PBXFileReference; lastKnownFileType = text.plist.xml; path = Info.plist; sourceTree = "<group>"; };
		55562C6F20C070C80016B718 /* QuakeDataUITests.xctest */ = {isa = PBXFileReference; explicitFileType = wrapper.cfbundle; includeInIndex = 0; path = QuakeDataUITests.xctest; sourceTree = BUILT_PRODUCTS_DIR; };
		55562C7320C070C80016B718 /* CanvasQuakeUITests.swift */ = {isa = PBXFileReference; lastKnownFileType = sourcecode.swift; path = CanvasQuakeUITests.swift; sourceTree = "<group>"; };
		55562C7520C070C80016B718 /* Info.plist */ = {isa = PBXFileReference; lastKnownFileType = text.plist.xml; path = Info.plist; sourceTree = "<group>"; };
		5564C13520F6F37800555A6A /* BoundingBoxes.json */ = {isa = PBXFileReference; fileEncoding = 4; lastKnownFileType = text.json; path = BoundingBoxes.json; sourceTree = "<group>"; };
		5564C13720F6F3D800555A6A /* FilterViewController.swift */ = {isa = PBXFileReference; lastKnownFileType = sourcecode.swift; path = FilterViewController.swift; sourceTree = "<group>"; };
		5571559E20F3E511001BFE71 /* MapViewController.swift */ = {isa = PBXFileReference; lastKnownFileType = sourcecode.swift; path = MapViewController.swift; sourceTree = "<group>"; };
		557155A020F3F42E001BFE71 /* MapPin.swift */ = {isa = PBXFileReference; lastKnownFileType = sourcecode.swift; path = MapPin.swift; sourceTree = "<group>"; };
		557155A220F403E1001BFE71 /* MapRegionUtility.swift */ = {isa = PBXFileReference; lastKnownFileType = sourcecode.swift; path = MapRegionUtility.swift; sourceTree = "<group>"; };
		557155A420F4D888001BFE71 /* ConnectivityUtility.swift */ = {isa = PBXFileReference; lastKnownFileType = sourcecode.swift; path = ConnectivityUtility.swift; sourceTree = "<group>"; };
		5580D78320C30ED7004E692F /* Double+Extension.swift */ = {isa = PBXFileReference; lastKnownFileType = sourcecode.swift; path = "Double+Extension.swift"; sourceTree = "<group>"; };
		5583360F20F9688000A2D1C5 /* String+Extension.swift */ = {isa = PBXFileReference; lastKnownFileType = sourcecode.swift; path = "String+Extension.swift"; sourceTree = "<group>"; };
		55874D8A20C3A9DB00666793 /* Formatter+Extension.swift */ = {isa = PBXFileReference; lastKnownFileType = sourcecode.swift; path = "Formatter+Extension.swift"; sourceTree = "<group>"; };
		558FA7F620C11970004A16C0 /* QuakeDataManager.swift */ = {isa = PBXFileReference; fileEncoding = 4; lastKnownFileType = sourcecode.swift; path = QuakeDataManager.swift; sourceTree = "<group>"; };
		558FA7F820C119A5004A16C0 /* SeismicStructs.swift */ = {isa = PBXFileReference; fileEncoding = 4; lastKnownFileType = sourcecode.swift; path = SeismicStructs.swift; sourceTree = "<group>"; };
		558FA7FC20C12FB0004A16C0 /* EarthquakeEntity+Extension.swift */ = {isa = PBXFileReference; fileEncoding = 4; lastKnownFileType = sourcecode.swift; path = "EarthquakeEntity+Extension.swift"; sourceTree = "<group>"; };
		55940CBA20C778B700C5D38B /* MapPredicate.swift */ = {isa = PBXFileReference; lastKnownFileType = sourcecode.swift; path = MapPredicate.swift; sourceTree = "<group>"; };
		55AC767120C89F03003940C3 /* UITableView+Extension.swift */ = {isa = PBXFileReference; lastKnownFileType = sourcecode.swift; path = "UITableView+Extension.swift"; sourceTree = "<group>"; };
		55AE125220C0752D00DB7F6C /* Constants.swift */ = {isa = PBXFileReference; lastKnownFileType = sourcecode.swift; path = Constants.swift; sourceTree = "<group>"; };
		55AE125520C0756000DB7F6C /* Complementary.png */ = {isa = PBXFileReference; lastKnownFileType = image.png; path = Complementary.png; sourceTree = "<group>"; };
		55AE125620C0756000DB7F6C /* GradientShades.png */ = {isa = PBXFileReference; lastKnownFileType = image.png; path = GradientShades.png; sourceTree = "<group>"; };
		55AE125720C0756100DB7F6C /* Master.png */ = {isa = PBXFileReference; lastKnownFileType = image.png; path = Master.png; sourceTree = "<group>"; };
		55AE125B20C0763800DB7F6C /* CanvasQuake.xcdatamodel */ = {isa = PBXFileReference; lastKnownFileType = wrapper.xcdatamodel; path = CanvasQuake.xcdatamodel; sourceTree = "<group>"; };
		55AE125E20C0767300DB7F6C /* UIViewController+Extension.swift */ = {isa = PBXFileReference; lastKnownFileType = sourcecode.swift; path = "UIViewController+Extension.swift"; sourceTree = "<group>"; };
		55B6479720FA846A003FEDE3 /* FilterHeaderView.xib */ = {isa = PBXFileReference; lastKnownFileType = file.xib; path = FilterHeaderView.xib; sourceTree = "<group>"; };
		55B6479920FA8475003FEDE3 /* FilterHeaderView.swift */ = {isa = PBXFileReference; lastKnownFileType = sourcecode.swift; path = FilterHeaderView.swift; sourceTree = "<group>"; };
		55B75BD420C1C867007B1602 /* ABWebView.xib */ = {isa = PBXFileReference; fileEncoding = 4; lastKnownFileType = file.xib; path = ABWebView.xib; sourceTree = "<group>"; };
		55B75BD520C1C868007B1602 /* ABWebView.swift */ = {isa = PBXFileReference; fileEncoding = 4; lastKnownFileType = sourcecode.swift; path = ABWebView.swift; sourceTree = "<group>"; };
		55DAB9C520CAAD36006D289D /* FloatingPoint+Extension.swift */ = {isa = PBXFileReference; lastKnownFileType = sourcecode.swift; path = "FloatingPoint+Extension.swift"; sourceTree = "<group>"; };
		55E70A4420F5C1AC008EE313 /* ExistingDataUtil.swift */ = {isa = PBXFileReference; lastKnownFileType = sourcecode.swift; path = ExistingDataUtil.swift; sourceTree = "<group>"; };
		5F2EE53817012E50BDC1511D /* Pods-CanvasQuakeUITests.release.xcconfig */ = {isa = PBXFileReference; includeInIndex = 1; lastKnownFileType = text.xcconfig; name = "Pods-CanvasQuakeUITests.release.xcconfig"; path = "Pods/Target Support Files/Pods-CanvasQuakeUITests/Pods-CanvasQuakeUITests.release.xcconfig"; sourceTree = "<group>"; };
		62F101E207F20B9BEDB95311 /* Pods-QuakeDataTests.release.xcconfig */ = {isa = PBXFileReference; includeInIndex = 1; lastKnownFileType = text.xcconfig; name = "Pods-QuakeDataTests.release.xcconfig"; path = "Pods/Target Support Files/Pods-QuakeDataTests/Pods-QuakeDataTests.release.xcconfig"; sourceTree = "<group>"; };
		6A847F5A8FFA806D63672A7D /* Pods-CanvasQuakeUITests.debug.xcconfig */ = {isa = PBXFileReference; includeInIndex = 1; lastKnownFileType = text.xcconfig; name = "Pods-CanvasQuakeUITests.debug.xcconfig"; path = "Pods/Target Support Files/Pods-CanvasQuakeUITests/Pods-CanvasQuakeUITests.debug.xcconfig"; sourceTree = "<group>"; };
		87ACA847ACD694DA80AA4C79 /* Pods-QuakeDataUITests.debug.xcconfig */ = {isa = PBXFileReference; includeInIndex = 1; lastKnownFileType = text.xcconfig; name = "Pods-QuakeDataUITests.debug.xcconfig"; path = "Pods/Target Support Files/Pods-QuakeDataUITests/Pods-QuakeDataUITests.debug.xcconfig"; sourceTree = "<group>"; };
		9B090BCB0BF8E22EAF5450E9 /* Pods_CanvasQuakeTests.framework */ = {isa = PBXFileReference; explicitFileType = wrapper.framework; includeInIndex = 0; path = Pods_CanvasQuakeTests.framework; sourceTree = BUILT_PRODUCTS_DIR; };
		9C71995E06246D490FC34EB6 /* Pods-QuakeData.release.xcconfig */ = {isa = PBXFileReference; includeInIndex = 1; lastKnownFileType = text.xcconfig; name = "Pods-QuakeData.release.xcconfig"; path = "Pods/Target Support Files/Pods-QuakeData/Pods-QuakeData.release.xcconfig"; sourceTree = "<group>"; };
		A32CCF824DC32CCE7D9725A0 /* Pods_QuakeDataTests.framework */ = {isa = PBXFileReference; explicitFileType = wrapper.framework; includeInIndex = 0; path = Pods_QuakeDataTests.framework; sourceTree = BUILT_PRODUCTS_DIR; };
		D15D9E9A402B6E853B58D491 /* Pods_QuakeData.framework */ = {isa = PBXFileReference; explicitFileType = wrapper.framework; includeInIndex = 0; path = Pods_QuakeData.framework; sourceTree = BUILT_PRODUCTS_DIR; };
		DD50EF94B38F90767B545FDE /* Pods-QuakeData.debug.xcconfig */ = {isa = PBXFileReference; includeInIndex = 1; lastKnownFileType = text.xcconfig; name = "Pods-QuakeData.debug.xcconfig"; path = "Pods/Target Support Files/Pods-QuakeData/Pods-QuakeData.debug.xcconfig"; sourceTree = "<group>"; };
		DE13DD7EAA77F1F69FBDAF97 /* Pods-QuakeDataTests.debug.xcconfig */ = {isa = PBXFileReference; includeInIndex = 1; lastKnownFileType = text.xcconfig; name = "Pods-QuakeDataTests.debug.xcconfig"; path = "Pods/Target Support Files/Pods-QuakeDataTests/Pods-QuakeDataTests.debug.xcconfig"; sourceTree = "<group>"; };
/* End PBXFileReference section */

/* Begin PBXFrameworksBuildPhase section */
		55562C4A20C070C60016B718 /* Frameworks */ = {
			isa = PBXFrameworksBuildPhase;
			buildActionMask = 2147483647;
			files = (
				1C6B339EE4E95F46B12F96FC /* Pods_QuakeData.framework in Frameworks */,
			);
			runOnlyForDeploymentPostprocessing = 0;
		};
		55562C6120C070C70016B718 /* Frameworks */ = {
			isa = PBXFrameworksBuildPhase;
			buildActionMask = 2147483647;
			files = (
				443C5C3572B3FFA1C0863890 /* Pods_CanvasQuakeTests.framework in Frameworks */,
				9C7D7926AA26EBEC49DAD157 /* Pods_QuakeDataTests.framework in Frameworks */,
			);
			runOnlyForDeploymentPostprocessing = 0;
		};
		55562C6C20C070C80016B718 /* Frameworks */ = {
			isa = PBXFrameworksBuildPhase;
			buildActionMask = 2147483647;
			files = (
				9ABC520EF973C3B9C07ABAF5 /* Pods_CanvasQuakeUITests.framework in Frameworks */,
				568B28EE85EB68E60B6FCB86 /* Pods_QuakeDataUITests.framework in Frameworks */,
			);
			runOnlyForDeploymentPostprocessing = 0;
		};
/* End PBXFrameworksBuildPhase section */

/* Begin PBXGroup section */
		5500001920C3326D00BB8211 /* ABWebView */ = {
			isa = PBXGroup;
			children = (
				55B75BD520C1C868007B1602 /* ABWebView.swift */,
				55B75BD420C1C867007B1602 /* ABWebView.xib */,
			);
			name = ABWebView;
			path = "New Group";
			sourceTree = "<group>";
		};
		550A8BF320F7A31300BBF37E /* FilterSectionHeaderView */ = {
			isa = PBXGroup;
			children = (
				550A8BF420F7A32600BBF37E /* FilterSectionHeaderView.xib */,
				550A8BF620F7A33400BBF37E /* FilterSectionHeaderView.swift.swift */,
			);
			path = FilterSectionHeaderView;
			sourceTree = "<group>";
		};
		554BE13620C0F8CA00C07248 /* IBDesignable Base Classes */ = {
			isa = PBXGroup;
			children = (
				554BE13720C0F91500C07248 /* UIViewCanvas.swift */,
			);
			name = "IBDesignable Base Classes";
			sourceTree = "<group>";
		};
		55562C4420C070C60016B718 = {
			isa = PBXGroup;
			children = (
				553CEBFC20C1B61F00980569 /* README.md */,
				55562C4F20C070C60016B718 /* CanvasQuake */,
				55562C6720C070C80016B718 /* CanvasQuakeTests */,
				55562C7220C070C80016B718 /* CanvasQuakeUITests */,
				55562C4E20C070C60016B718 /* Products */,
				A8A8DF4013B29D6AC2F3515B /* Pods */,
				71A5A26AE86A78E7AD3C48FF /* Frameworks */,
			);
			sourceTree = "<group>";
		};
		55562C4E20C070C60016B718 /* Products */ = {
			isa = PBXGroup;
			children = (
				55562C4D20C070C60016B718 /* QuakeData.app */,
				55562C6420C070C70016B718 /* QuakeDataTests.xctest */,
				55562C6F20C070C80016B718 /* QuakeDataUITests.xctest */,
			);
			name = Products;
			sourceTree = "<group>";
		};
		55562C4F20C070C60016B718 /* CanvasQuake */ = {
			isa = PBXGroup;
			children = (
				55562C5020C070C60016B718 /* AppDelegate.swift */,
				55AE125220C0752D00DB7F6C /* Constants.swift */,
				55AE124F20C074F100DB7F6C /* Model */,
				55AE124E20C074EC00DB7F6C /* View */,
				55AE124D20C074E300DB7F6C /* Controller */,
				55AE125020C0750100DB7F6C /* Supporting Files */,
				55562C5F20C070C70016B718 /* Info.plist */,
			);
			name = CanvasQuake;
			path = QuakeData;
			sourceTree = "<group>";
		};
		55562C6720C070C80016B718 /* CanvasQuakeTests */ = {
			isa = PBXGroup;
			children = (
				55562C6820C070C80016B718 /* CanvasQuakeTests.swift */,
				55562C6A20C070C80016B718 /* Info.plist */,
			);
			name = CanvasQuakeTests;
			path = QuakeDataTests;
			sourceTree = "<group>";
		};
		55562C7220C070C80016B718 /* CanvasQuakeUITests */ = {
			isa = PBXGroup;
			children = (
				55562C7320C070C80016B718 /* CanvasQuakeUITests.swift */,
				55562C7520C070C80016B718 /* Info.plist */,
			);
			name = CanvasQuakeUITests;
			path = QuakeDataUITests;
			sourceTree = "<group>";
		};
		55AE124D20C074E300DB7F6C /* Controller */ = {
			isa = PBXGroup;
			children = (
				554BE12E20C09BF900C07248 /* CalendarViewController.swift */,
				5564C13720F6F3D800555A6A /* FilterViewController.swift */,
				5571559E20F3E511001BFE71 /* MapViewController.swift */,
				552E78AA20C07C01002C4AE2 /* QuakeViewController.swift */,
			);
			path = Controller;
			sourceTree = "<group>";
		};
		55AE124E20C074EC00DB7F6C /* View */ = {
			isa = PBXGroup;
			children = (
				55B6479620FA845C003FEDE3 /* FilterHeaderView */,
				550A8BF320F7A31300BBF37E /* FilterSectionHeaderView */,
				5500001920C3326D00BB8211 /* ABWebView */,
				55562C5420C070C60016B718 /* Main.storyboard */,
				55562C5C20C070C70016B718 /* LaunchScreen.storyboard */,
				552E78A820C07BCB002C4AE2 /* QuakeTableViewCell.swift */,
				557155A020F3F42E001BFE71 /* MapPin.swift */,
			);
			path = View;
			sourceTree = "<group>";
		};
		55AE124F20C074F100DB7F6C /* Model */ = {
			isa = PBXGroup;
			children = (
				5564C13520F6F37800555A6A /* BoundingBoxes.json */,
				55940CBA20C778B700C5D38B /* MapPredicate.swift */,
				557155A220F403E1001BFE71 /* MapRegionUtility.swift */,
				558FA7F620C11970004A16C0 /* QuakeDataManager.swift */,
				55E70A4420F5C1AC008EE313 /* ExistingDataUtil.swift */,
				558FA7F820C119A5004A16C0 /* SeismicStructs.swift */,
				55AE125120C0751C00DB7F6C /* Core Data */,
				55AE125D20C0765D00DB7F6C /* Extensions */,
				554BE13620C0F8CA00C07248 /* IBDesignable Base Classes */,
				557155A420F4D888001BFE71 /* ConnectivityUtility.swift */,
			);
			name = Model;
			sourceTree = "<group>";
		};
		55AE125020C0750100DB7F6C /* Supporting Files */ = {
			isa = PBXGroup;
			children = (
				55AE125420C0753E00DB7F6C /* Color Scheme Files */,
				55562C5A20C070C70016B718 /* Assets.xcassets */,
			);
			path = "Supporting Files";
			sourceTree = "<group>";
		};
		55AE125120C0751C00DB7F6C /* Core Data */ = {
			isa = PBXGroup;
			children = (
				558FA7FC20C12FB0004A16C0 /* EarthquakeEntity+Extension.swift */,
				55AE125B20C0763800DB7F6C /* CanvasQuake.xcdatamodel */,
			);
			name = "Core Data";
			sourceTree = "<group>";
		};
		55AE125420C0753E00DB7F6C /* Color Scheme Files */ = {
			isa = PBXGroup;
			children = (
				55AE125720C0756100DB7F6C /* Master.png */,
				55AE125620C0756000DB7F6C /* GradientShades.png */,
				55AE125520C0756000DB7F6C /* Complementary.png */,
			);
			path = "Color Scheme Files";
			sourceTree = "<group>";
		};
		55AE125D20C0765D00DB7F6C /* Extensions */ = {
			isa = PBXGroup;
			children = (
				55AE125E20C0767300DB7F6C /* UIViewController+Extension.swift */,
				554BE13220C0AA0700C07248 /* Date+Extension.swift */,
				554BE13420C0F4D000C07248 /* UIColor+Extension.swift */,
				5580D78320C30ED7004E692F /* Double+Extension.swift */,
				55874D8A20C3A9DB00666793 /* Formatter+Extension.swift */,
				55AC767120C89F03003940C3 /* UITableView+Extension.swift */,
				55DAB9C520CAAD36006D289D /* FloatingPoint+Extension.swift */,
				5583360F20F9688000A2D1C5 /* String+Extension.swift */,
			);
			name = Extensions;
			sourceTree = "<group>";
		};
		55B6479620FA845C003FEDE3 /* FilterHeaderView */ = {
			isa = PBXGroup;
			children = (
				55B6479720FA846A003FEDE3 /* FilterHeaderView.xib */,
				55B6479920FA8475003FEDE3 /* FilterHeaderView.swift */,
			);
			path = FilterHeaderView;
			sourceTree = "<group>";
		};
		71A5A26AE86A78E7AD3C48FF /* Frameworks */ = {
			isa = PBXGroup;
			children = (
				2DEBFBC97CC0145DD33AFD3C /* Pods_CanvasQuake.framework */,
				9B090BCB0BF8E22EAF5450E9 /* Pods_CanvasQuakeTests.framework */,
				1C536091BC35D8235C3BCD28 /* Pods_CanvasQuakeUITests.framework */,
				D15D9E9A402B6E853B58D491 /* Pods_QuakeData.framework */,
				A32CCF824DC32CCE7D9725A0 /* Pods_QuakeDataTests.framework */,
				3E2B2BB8E9604B801392ADB7 /* Pods_QuakeDataUITests.framework */,
			);
			name = Frameworks;
			sourceTree = "<group>";
		};
		A8A8DF4013B29D6AC2F3515B /* Pods */ = {
			isa = PBXGroup;
			children = (
				029883B028C116A78B33BF15 /* Pods-CanvasQuake.debug.xcconfig */,
				0E245B9B20E08DE2D0AF6D75 /* Pods-CanvasQuake.release.xcconfig */,
				4731C9D708D90D9FFBEF0C35 /* Pods-CanvasQuakeTests.debug.xcconfig */,
				0D7DF4F1F0E6CD42D46510C5 /* Pods-CanvasQuakeTests.release.xcconfig */,
				6A847F5A8FFA806D63672A7D /* Pods-CanvasQuakeUITests.debug.xcconfig */,
				5F2EE53817012E50BDC1511D /* Pods-CanvasQuakeUITests.release.xcconfig */,
				DD50EF94B38F90767B545FDE /* Pods-QuakeData.debug.xcconfig */,
				9C71995E06246D490FC34EB6 /* Pods-QuakeData.release.xcconfig */,
				DE13DD7EAA77F1F69FBDAF97 /* Pods-QuakeDataTests.debug.xcconfig */,
				62F101E207F20B9BEDB95311 /* Pods-QuakeDataTests.release.xcconfig */,
				87ACA847ACD694DA80AA4C79 /* Pods-QuakeDataUITests.debug.xcconfig */,
				139DA04B5E1788B8400298BB /* Pods-QuakeDataUITests.release.xcconfig */,
			);
			name = Pods;
			sourceTree = "<group>";
		};
/* End PBXGroup section */

/* Begin PBXNativeTarget section */
		55562C4C20C070C60016B718 /* QuakeData */ = {
			isa = PBXNativeTarget;
			buildConfigurationList = 55562C7820C070C80016B718 /* Build configuration list for PBXNativeTarget "QuakeData" */;
			buildPhases = (
				5A66343AE78D0A828214ED82 /* [CP] Check Pods Manifest.lock */,
				55562C4920C070C60016B718 /* Sources */,
				55562C4A20C070C60016B718 /* Frameworks */,
				55562C4B20C070C60016B718 /* Resources */,
				23101CDA7C03E1A9AE929229 /* [CP] Embed Pods Frameworks */,
			);
			buildRules = (
			);
			dependencies = (
			);
			name = QuakeData;
			productName = CanvasQuake;
			productReference = 55562C4D20C070C60016B718 /* QuakeData.app */;
			productType = "com.apple.product-type.application";
		};
		55562C6320C070C70016B718 /* QuakeDataTests */ = {
			isa = PBXNativeTarget;
			buildConfigurationList = 55562C7B20C070C80016B718 /* Build configuration list for PBXNativeTarget "QuakeDataTests" */;
			buildPhases = (
				185CD3F24368C0AE33F0B80F /* [CP] Check Pods Manifest.lock */,
				55562C6020C070C70016B718 /* Sources */,
				55562C6120C070C70016B718 /* Frameworks */,
				55562C6220C070C70016B718 /* Resources */,
			);
			buildRules = (
			);
			dependencies = (
				55562C6620C070C80016B718 /* PBXTargetDependency */,
			);
			name = QuakeDataTests;
			productName = CanvasQuakeTests;
			productReference = 55562C6420C070C70016B718 /* QuakeDataTests.xctest */;
			productType = "com.apple.product-type.bundle.unit-test";
		};
		55562C6E20C070C80016B718 /* QuakeDataUITests */ = {
			isa = PBXNativeTarget;
			buildConfigurationList = 55562C7E20C070C80016B718 /* Build configuration list for PBXNativeTarget "QuakeDataUITests" */;
			buildPhases = (
				9EBB413B1145BB551B0EEF80 /* [CP] Check Pods Manifest.lock */,
				55562C6B20C070C80016B718 /* Sources */,
				55562C6C20C070C80016B718 /* Frameworks */,
				55562C6D20C070C80016B718 /* Resources */,
			);
			buildRules = (
			);
			dependencies = (
				55562C7120C070C80016B718 /* PBXTargetDependency */,
			);
			name = QuakeDataUITests;
			productName = CanvasQuakeUITests;
			productReference = 55562C6F20C070C80016B718 /* QuakeDataUITests.xctest */;
			productType = "com.apple.product-type.bundle.ui-testing";
		};
/* End PBXNativeTarget section */

/* Begin PBXProject section */
		55562C4520C070C60016B718 /* Project object */ = {
			isa = PBXProject;
			attributes = {
				LastSwiftUpdateCheck = 0930;
				LastUpgradeCheck = 0930;
				ORGANIZATIONNAME = "Adrian Bolinger";
				TargetAttributes = {
					55562C4C20C070C60016B718 = {
						CreatedOnToolsVersion = 9.3.1;
					};
					55562C6320C070C70016B718 = {
						CreatedOnToolsVersion = 9.3.1;
						TestTargetID = 55562C4C20C070C60016B718;
					};
					55562C6E20C070C80016B718 = {
						CreatedOnToolsVersion = 9.3.1;
						TestTargetID = 55562C4C20C070C60016B718;
					};
				};
			};
			buildConfigurationList = 55562C4820C070C60016B718 /* Build configuration list for PBXProject "QuakeData" */;
			compatibilityVersion = "Xcode 9.3";
			developmentRegion = en;
			hasScannedForEncodings = 0;
			knownRegions = (
				en,
				Base,
			);
			mainGroup = 55562C4420C070C60016B718;
			productRefGroup = 55562C4E20C070C60016B718 /* Products */;
			projectDirPath = "";
			projectRoot = "";
			targets = (
				55562C4C20C070C60016B718 /* QuakeData */,
				55562C6320C070C70016B718 /* QuakeDataTests */,
				55562C6E20C070C80016B718 /* QuakeDataUITests */,
			);
		};
/* End PBXProject section */

/* Begin PBXResourcesBuildPhase section */
		55562C4B20C070C60016B718 /* Resources */ = {
			isa = PBXResourcesBuildPhase;
			buildActionMask = 2147483647;
			files = (
				55AE125A20C0756100DB7F6C /* Master.png in Resources */,
				5564C13620F6F37800555A6A /* BoundingBoxes.json in Resources */,
				55AE125820C0756100DB7F6C /* Complementary.png in Resources */,
				55B75BD620C1C868007B1602 /* ABWebView.xib in Resources */,
				55562C5E20C070C70016B718 /* LaunchScreen.storyboard in Resources */,
				55562C5B20C070C70016B718 /* Assets.xcassets in Resources */,
				550A8BF520F7A32600BBF37E /* FilterSectionHeaderView.xib in Resources */,
				55B6479820FA846A003FEDE3 /* FilterHeaderView.xib in Resources */,
				55562C5620C070C60016B718 /* Main.storyboard in Resources */,
				55AE125920C0756100DB7F6C /* GradientShades.png in Resources */,
			);
			runOnlyForDeploymentPostprocessing = 0;
		};
		55562C6220C070C70016B718 /* Resources */ = {
			isa = PBXResourcesBuildPhase;
			buildActionMask = 2147483647;
			files = (
			);
			runOnlyForDeploymentPostprocessing = 0;
		};
		55562C6D20C070C80016B718 /* Resources */ = {
			isa = PBXResourcesBuildPhase;
			buildActionMask = 2147483647;
			files = (
			);
			runOnlyForDeploymentPostprocessing = 0;
		};
/* End PBXResourcesBuildPhase section */

/* Begin PBXShellScriptBuildPhase section */
		185CD3F24368C0AE33F0B80F /* [CP] Check Pods Manifest.lock */ = {
			isa = PBXShellScriptBuildPhase;
			buildActionMask = 2147483647;
			files = (
			);
			inputPaths = (
				"${PODS_PODFILE_DIR_PATH}/Podfile.lock",
				"${PODS_ROOT}/Manifest.lock",
			);
			name = "[CP] Check Pods Manifest.lock";
			outputPaths = (
				"$(DERIVED_FILE_DIR)/Pods-QuakeDataTests-checkManifestLockResult.txt",
			);
			runOnlyForDeploymentPostprocessing = 0;
			shellPath = /bin/sh;
			shellScript = "diff \"${PODS_PODFILE_DIR_PATH}/Podfile.lock\" \"${PODS_ROOT}/Manifest.lock\" > /dev/null\nif [ $? != 0 ] ; then\n    # print error to STDERR\n    echo \"error: The sandbox is not in sync with the Podfile.lock. Run 'pod install' or update your CocoaPods installation.\" >&2\n    exit 1\nfi\n# This output is used by Xcode 'outputs' to avoid re-running this script phase.\necho \"SUCCESS\" > \"${SCRIPT_OUTPUT_FILE_0}\"\n";
			showEnvVarsInLog = 0;
		};
		23101CDA7C03E1A9AE929229 /* [CP] Embed Pods Frameworks */ = {
			isa = PBXShellScriptBuildPhase;
			buildActionMask = 2147483647;
			files = (
			);
			inputPaths = (
				"${SRCROOT}/Pods/Target Support Files/Pods-QuakeData/Pods-QuakeData-frameworks.sh",
				"${BUILT_PRODUCTS_DIR}/Alamofire/Alamofire.framework",
				"${BUILT_PRODUCTS_DIR}/FSCalendar/FSCalendar.framework",
				"${BUILT_PRODUCTS_DIR}/RangeSeekSlider/RangeSeekSlider.framework",
				"${BUILT_PRODUCTS_DIR}/ReachabilitySwift/Reachability.framework",
			);
			name = "[CP] Embed Pods Frameworks";
			outputPaths = (
				"${TARGET_BUILD_DIR}/${FRAMEWORKS_FOLDER_PATH}/Alamofire.framework",
				"${TARGET_BUILD_DIR}/${FRAMEWORKS_FOLDER_PATH}/FSCalendar.framework",
				"${TARGET_BUILD_DIR}/${FRAMEWORKS_FOLDER_PATH}/RangeSeekSlider.framework",
				"${TARGET_BUILD_DIR}/${FRAMEWORKS_FOLDER_PATH}/Reachability.framework",
			);
			runOnlyForDeploymentPostprocessing = 0;
			shellPath = /bin/sh;
			shellScript = "\"${SRCROOT}/Pods/Target Support Files/Pods-QuakeData/Pods-QuakeData-frameworks.sh\"\n";
			showEnvVarsInLog = 0;
		};
		5A66343AE78D0A828214ED82 /* [CP] Check Pods Manifest.lock */ = {
			isa = PBXShellScriptBuildPhase;
			buildActionMask = 2147483647;
			files = (
			);
			inputPaths = (
				"${PODS_PODFILE_DIR_PATH}/Podfile.lock",
				"${PODS_ROOT}/Manifest.lock",
			);
			name = "[CP] Check Pods Manifest.lock";
			outputPaths = (
				"$(DERIVED_FILE_DIR)/Pods-QuakeData-checkManifestLockResult.txt",
			);
			runOnlyForDeploymentPostprocessing = 0;
			shellPath = /bin/sh;
			shellScript = "diff \"${PODS_PODFILE_DIR_PATH}/Podfile.lock\" \"${PODS_ROOT}/Manifest.lock\" > /dev/null\nif [ $? != 0 ] ; then\n    # print error to STDERR\n    echo \"error: The sandbox is not in sync with the Podfile.lock. Run 'pod install' or update your CocoaPods installation.\" >&2\n    exit 1\nfi\n# This output is used by Xcode 'outputs' to avoid re-running this script phase.\necho \"SUCCESS\" > \"${SCRIPT_OUTPUT_FILE_0}\"\n";
			showEnvVarsInLog = 0;
		};
		9EBB413B1145BB551B0EEF80 /* [CP] Check Pods Manifest.lock */ = {
			isa = PBXShellScriptBuildPhase;
			buildActionMask = 2147483647;
			files = (
			);
			inputPaths = (
				"${PODS_PODFILE_DIR_PATH}/Podfile.lock",
				"${PODS_ROOT}/Manifest.lock",
			);
			name = "[CP] Check Pods Manifest.lock";
			outputPaths = (
				"$(DERIVED_FILE_DIR)/Pods-QuakeDataUITests-checkManifestLockResult.txt",
			);
			runOnlyForDeploymentPostprocessing = 0;
			shellPath = /bin/sh;
			shellScript = "diff \"${PODS_PODFILE_DIR_PATH}/Podfile.lock\" \"${PODS_ROOT}/Manifest.lock\" > /dev/null\nif [ $? != 0 ] ; then\n    # print error to STDERR\n    echo \"error: The sandbox is not in sync with the Podfile.lock. Run 'pod install' or update your CocoaPods installation.\" >&2\n    exit 1\nfi\n# This output is used by Xcode 'outputs' to avoid re-running this script phase.\necho \"SUCCESS\" > \"${SCRIPT_OUTPUT_FILE_0}\"\n";
			showEnvVarsInLog = 0;
		};
/* End PBXShellScriptBuildPhase section */

/* Begin PBXSourcesBuildPhase section */
		55562C4920C070C60016B718 /* Sources */ = {
			isa = PBXSourcesBuildPhase;
			buildActionMask = 2147483647;
			files = (
				55AE125F20C0767300DB7F6C /* UIViewController+Extension.swift in Sources */,
				558FA7F720C11970004A16C0 /* QuakeDataManager.swift in Sources */,
				5580D78420C30ED7004E692F /* Double+Extension.swift in Sources */,
				55B6479A20FA8475003FEDE3 /* FilterHeaderView.swift in Sources */,
				558FA7F920C119A5004A16C0 /* SeismicStructs.swift in Sources */,
				552E78A920C07BCB002C4AE2 /* QuakeTableViewCell.swift in Sources */,
				55562C5120C070C60016B718 /* AppDelegate.swift in Sources */,
				55E70A4520F5C1AC008EE313 /* ExistingDataUtil.swift in Sources */,
				55DAB9C620CAAD36006D289D /* FloatingPoint+Extension.swift in Sources */,
				5583361020F9688000A2D1C5 /* String+Extension.swift in Sources */,
				557155A520F4D888001BFE71 /* ConnectivityUtility.swift in Sources */,
				55940CBB20C778B700C5D38B /* MapPredicate.swift in Sources */,
				55AE125C20C0763800DB7F6C /* CanvasQuake.xcdatamodel in Sources */,
				55B75BD720C1C868007B1602 /* ABWebView.swift in Sources */,
				5571559F20F3E511001BFE71 /* MapViewController.swift in Sources */,
				55AC767220C89F03003940C3 /* UITableView+Extension.swift in Sources */,
				552E78AB20C07C01002C4AE2 /* QuakeViewController.swift in Sources */,
				557155A120F3F42E001BFE71 /* MapPin.swift in Sources */,
				550A8BF720F7A33400BBF37E /* FilterSectionHeaderView.swift.swift in Sources */,
				558FA7FD20C12FB0004A16C0 /* EarthquakeEntity+Extension.swift in Sources */,
				554BE12F20C09BF900C07248 /* CalendarViewController.swift in Sources */,
				55AE125320C0752D00DB7F6C /* Constants.swift in Sources */,
				5564C13820F6F3D800555A6A /* FilterViewController.swift in Sources */,
				55874D8B20C3A9DB00666793 /* Formatter+Extension.swift in Sources */,
				554BE13820C0F91500C07248 /* UIViewCanvas.swift in Sources */,
				554BE13320C0AA0700C07248 /* Date+Extension.swift in Sources */,
				554BE13520C0F4D000C07248 /* UIColor+Extension.swift in Sources */,
				557155A320F403E1001BFE71 /* MapRegionUtility.swift in Sources */,
			);
			runOnlyForDeploymentPostprocessing = 0;
		};
		55562C6020C070C70016B718 /* Sources */ = {
			isa = PBXSourcesBuildPhase;
			buildActionMask = 2147483647;
			files = (
				55562C6920C070C80016B718 /* CanvasQuakeTests.swift in Sources */,
			);
			runOnlyForDeploymentPostprocessing = 0;
		};
		55562C6B20C070C80016B718 /* Sources */ = {
			isa = PBXSourcesBuildPhase;
			buildActionMask = 2147483647;
			files = (
				55562C7420C070C80016B718 /* CanvasQuakeUITests.swift in Sources */,
			);
			runOnlyForDeploymentPostprocessing = 0;
		};
/* End PBXSourcesBuildPhase section */

/* Begin PBXTargetDependency section */
		55562C6620C070C80016B718 /* PBXTargetDependency */ = {
			isa = PBXTargetDependency;
			target = 55562C4C20C070C60016B718 /* QuakeData */;
			targetProxy = 55562C6520C070C80016B718 /* PBXContainerItemProxy */;
		};
		55562C7120C070C80016B718 /* PBXTargetDependency */ = {
			isa = PBXTargetDependency;
			target = 55562C4C20C070C60016B718 /* QuakeData */;
			targetProxy = 55562C7020C070C80016B718 /* PBXContainerItemProxy */;
		};
/* End PBXTargetDependency section */

/* Begin PBXVariantGroup section */
		55562C5420C070C60016B718 /* Main.storyboard */ = {
			isa = PBXVariantGroup;
			children = (
				55562C5520C070C60016B718 /* Base */,
			);
			name = Main.storyboard;
			sourceTree = "<group>";
		};
		55562C5C20C070C70016B718 /* LaunchScreen.storyboard */ = {
			isa = PBXVariantGroup;
			children = (
				55562C5D20C070C70016B718 /* Base */,
			);
			name = LaunchScreen.storyboard;
			sourceTree = "<group>";
		};
/* End PBXVariantGroup section */

/* Begin XCBuildConfiguration section */
		55562C7620C070C80016B718 /* Debug */ = {
			isa = XCBuildConfiguration;
			buildSettings = {
				ALWAYS_SEARCH_USER_PATHS = NO;
				CLANG_ANALYZER_NONNULL = YES;
				CLANG_ANALYZER_NUMBER_OBJECT_CONVERSION = YES_AGGRESSIVE;
				CLANG_CXX_LANGUAGE_STANDARD = "gnu++14";
				CLANG_CXX_LIBRARY = "libc++";
				CLANG_ENABLE_MODULES = YES;
				CLANG_ENABLE_OBJC_ARC = YES;
				CLANG_ENABLE_OBJC_WEAK = YES;
				CLANG_WARN_BLOCK_CAPTURE_AUTORELEASING = YES;
				CLANG_WARN_BOOL_CONVERSION = YES;
				CLANG_WARN_COMMA = YES;
				CLANG_WARN_CONSTANT_CONVERSION = YES;
				CLANG_WARN_DEPRECATED_OBJC_IMPLEMENTATIONS = YES;
				CLANG_WARN_DIRECT_OBJC_ISA_USAGE = YES_ERROR;
				CLANG_WARN_DOCUMENTATION_COMMENTS = YES;
				CLANG_WARN_EMPTY_BODY = YES;
				CLANG_WARN_ENUM_CONVERSION = YES;
				CLANG_WARN_INFINITE_RECURSION = YES;
				CLANG_WARN_INT_CONVERSION = YES;
				CLANG_WARN_NON_LITERAL_NULL_CONVERSION = YES;
				CLANG_WARN_OBJC_IMPLICIT_RETAIN_SELF = YES;
				CLANG_WARN_OBJC_LITERAL_CONVERSION = YES;
				CLANG_WARN_OBJC_ROOT_CLASS = YES_ERROR;
				CLANG_WARN_RANGE_LOOP_ANALYSIS = YES;
				CLANG_WARN_STRICT_PROTOTYPES = YES;
				CLANG_WARN_SUSPICIOUS_MOVE = YES;
				CLANG_WARN_UNGUARDED_AVAILABILITY = YES_AGGRESSIVE;
				CLANG_WARN_UNREACHABLE_CODE = YES;
				CLANG_WARN__DUPLICATE_METHOD_MATCH = YES;
				CODE_SIGN_IDENTITY = "iPhone Developer";
				COPY_PHASE_STRIP = NO;
				DEBUG_INFORMATION_FORMAT = dwarf;
				ENABLE_STRICT_OBJC_MSGSEND = YES;
				ENABLE_TESTABILITY = YES;
				GCC_C_LANGUAGE_STANDARD = gnu11;
				GCC_DYNAMIC_NO_PIC = NO;
				GCC_NO_COMMON_BLOCKS = YES;
				GCC_OPTIMIZATION_LEVEL = 0;
				GCC_PREPROCESSOR_DEFINITIONS = (
					"DEBUG=1",
					"$(inherited)",
				);
				GCC_WARN_64_TO_32_BIT_CONVERSION = YES;
				GCC_WARN_ABOUT_RETURN_TYPE = YES_ERROR;
				GCC_WARN_UNDECLARED_SELECTOR = YES;
				GCC_WARN_UNINITIALIZED_AUTOS = YES_AGGRESSIVE;
				GCC_WARN_UNUSED_FUNCTION = YES;
				GCC_WARN_UNUSED_VARIABLE = YES;
				IPHONEOS_DEPLOYMENT_TARGET = 11.3;
				MTL_ENABLE_DEBUG_INFO = YES;
				ONLY_ACTIVE_ARCH = YES;
				SDKROOT = iphoneos;
				SWIFT_ACTIVE_COMPILATION_CONDITIONS = DEBUG;
				SWIFT_OPTIMIZATION_LEVEL = "-Onone";
			};
			name = Debug;
		};
		55562C7720C070C80016B718 /* Release */ = {
			isa = XCBuildConfiguration;
			buildSettings = {
				ALWAYS_SEARCH_USER_PATHS = NO;
				CLANG_ANALYZER_NONNULL = YES;
				CLANG_ANALYZER_NUMBER_OBJECT_CONVERSION = YES_AGGRESSIVE;
				CLANG_CXX_LANGUAGE_STANDARD = "gnu++14";
				CLANG_CXX_LIBRARY = "libc++";
				CLANG_ENABLE_MODULES = YES;
				CLANG_ENABLE_OBJC_ARC = YES;
				CLANG_ENABLE_OBJC_WEAK = YES;
				CLANG_WARN_BLOCK_CAPTURE_AUTORELEASING = YES;
				CLANG_WARN_BOOL_CONVERSION = YES;
				CLANG_WARN_COMMA = YES;
				CLANG_WARN_CONSTANT_CONVERSION = YES;
				CLANG_WARN_DEPRECATED_OBJC_IMPLEMENTATIONS = YES;
				CLANG_WARN_DIRECT_OBJC_ISA_USAGE = YES_ERROR;
				CLANG_WARN_DOCUMENTATION_COMMENTS = YES;
				CLANG_WARN_EMPTY_BODY = YES;
				CLANG_WARN_ENUM_CONVERSION = YES;
				CLANG_WARN_INFINITE_RECURSION = YES;
				CLANG_WARN_INT_CONVERSION = YES;
				CLANG_WARN_NON_LITERAL_NULL_CONVERSION = YES;
				CLANG_WARN_OBJC_IMPLICIT_RETAIN_SELF = YES;
				CLANG_WARN_OBJC_LITERAL_CONVERSION = YES;
				CLANG_WARN_OBJC_ROOT_CLASS = YES_ERROR;
				CLANG_WARN_RANGE_LOOP_ANALYSIS = YES;
				CLANG_WARN_STRICT_PROTOTYPES = YES;
				CLANG_WARN_SUSPICIOUS_MOVE = YES;
				CLANG_WARN_UNGUARDED_AVAILABILITY = YES_AGGRESSIVE;
				CLANG_WARN_UNREACHABLE_CODE = YES;
				CLANG_WARN__DUPLICATE_METHOD_MATCH = YES;
				CODE_SIGN_IDENTITY = "iPhone Developer";
				COPY_PHASE_STRIP = NO;
				DEBUG_INFORMATION_FORMAT = "dwarf-with-dsym";
				ENABLE_NS_ASSERTIONS = NO;
				ENABLE_STRICT_OBJC_MSGSEND = YES;
				GCC_C_LANGUAGE_STANDARD = gnu11;
				GCC_NO_COMMON_BLOCKS = YES;
				GCC_WARN_64_TO_32_BIT_CONVERSION = YES;
				GCC_WARN_ABOUT_RETURN_TYPE = YES_ERROR;
				GCC_WARN_UNDECLARED_SELECTOR = YES;
				GCC_WARN_UNINITIALIZED_AUTOS = YES_AGGRESSIVE;
				GCC_WARN_UNUSED_FUNCTION = YES;
				GCC_WARN_UNUSED_VARIABLE = YES;
				IPHONEOS_DEPLOYMENT_TARGET = 11.3;
				MTL_ENABLE_DEBUG_INFO = NO;
				SDKROOT = iphoneos;
				SWIFT_COMPILATION_MODE = wholemodule;
				SWIFT_OPTIMIZATION_LEVEL = "-O";
				VALIDATE_PRODUCT = YES;
			};
			name = Release;
		};
		55562C7920C070C80016B718 /* Debug */ = {
			isa = XCBuildConfiguration;
			baseConfigurationReference = DD50EF94B38F90767B545FDE /* Pods-QuakeData.debug.xcconfig */;
			buildSettings = {
				ASSETCATALOG_COMPILER_APPICON_NAME = AppIcon;
				CODE_SIGN_STYLE = Automatic;
				DEVELOPMENT_TEAM = A983637AY3;
				INFOPLIST_FILE = QuakeData/Info.plist;
				LD_RUNPATH_SEARCH_PATHS = (
					"$(inherited)",
					"@executable_path/Frameworks",
				);
				PRODUCT_BUNDLE_IDENTIFIER = com.adrianbolinger.CanvasQuake;
				PRODUCT_NAME = "$(TARGET_NAME)";
				SWIFT_VERSION = 4.0;
				TARGETED_DEVICE_FAMILY = "1,2";
			};
			name = Debug;
		};
		55562C7A20C070C80016B718 /* Release */ = {
			isa = XCBuildConfiguration;
			baseConfigurationReference = 9C71995E06246D490FC34EB6 /* Pods-QuakeData.release.xcconfig */;
			buildSettings = {
				ASSETCATALOG_COMPILER_APPICON_NAME = AppIcon;
				CODE_SIGN_STYLE = Automatic;
				DEVELOPMENT_TEAM = A983637AY3;
				INFOPLIST_FILE = QuakeData/Info.plist;
				LD_RUNPATH_SEARCH_PATHS = (
					"$(inherited)",
					"@executable_path/Frameworks",
				);
				PRODUCT_BUNDLE_IDENTIFIER = com.adrianbolinger.CanvasQuake;
				PRODUCT_NAME = "$(TARGET_NAME)";
				SWIFT_VERSION = 4.0;
				TARGETED_DEVICE_FAMILY = "1,2";
			};
			name = Release;
		};
		55562C7C20C070C80016B718 /* Debug */ = {
			isa = XCBuildConfiguration;
			baseConfigurationReference = DE13DD7EAA77F1F69FBDAF97 /* Pods-QuakeDataTests.debug.xcconfig */;
			buildSettings = {
				ALWAYS_EMBED_SWIFT_STANDARD_LIBRARIES = YES;
				BUNDLE_LOADER = "$(TEST_HOST)";
				CODE_SIGN_STYLE = Automatic;
				DEVELOPMENT_TEAM = A983637AY3;
				INFOPLIST_FILE = CanvasQuakeTests/Info.plist;
				LD_RUNPATH_SEARCH_PATHS = (
					"$(inherited)",
					"@executable_path/Frameworks",
					"@loader_path/Frameworks",
				);
				PRODUCT_BUNDLE_IDENTIFIER = com.adrianbolinger.CanvasQuakeTests;
				PRODUCT_NAME = "$(TARGET_NAME)";
				SWIFT_VERSION = 4.0;
				TARGETED_DEVICE_FAMILY = "1,2";
				TEST_HOST = "$(BUILT_PRODUCTS_DIR)/QuakeData.app/QuakeData";
			};
			name = Debug;
		};
		55562C7D20C070C80016B718 /* Release */ = {
			isa = XCBuildConfiguration;
			baseConfigurationReference = 62F101E207F20B9BEDB95311 /* Pods-QuakeDataTests.release.xcconfig */;
			buildSettings = {
				ALWAYS_EMBED_SWIFT_STANDARD_LIBRARIES = YES;
				BUNDLE_LOADER = "$(TEST_HOST)";
				CODE_SIGN_STYLE = Automatic;
				DEVELOPMENT_TEAM = A983637AY3;
				INFOPLIST_FILE = CanvasQuakeTests/Info.plist;
				LD_RUNPATH_SEARCH_PATHS = (
					"$(inherited)",
					"@executable_path/Frameworks",
					"@loader_path/Frameworks",
				);
				PRODUCT_BUNDLE_IDENTIFIER = com.adrianbolinger.CanvasQuakeTests;
				PRODUCT_NAME = "$(TARGET_NAME)";
				SWIFT_VERSION = 4.0;
				TARGETED_DEVICE_FAMILY = "1,2";
				TEST_HOST = "$(BUILT_PRODUCTS_DIR)/QuakeData.app/QuakeData";
			};
			name = Release;
		};
		55562C7F20C070C80016B718 /* Debug */ = {
			isa = XCBuildConfiguration;
			baseConfigurationReference = 87ACA847ACD694DA80AA4C79 /* Pods-QuakeDataUITests.debug.xcconfig */;
			buildSettings = {
				ALWAYS_EMBED_SWIFT_STANDARD_LIBRARIES = YES;
				CODE_SIGN_STYLE = Automatic;
				DEVELOPMENT_TEAM = A983637AY3;
				INFOPLIST_FILE = CanvasQuakeUITests/Info.plist;
				LD_RUNPATH_SEARCH_PATHS = (
					"$(inherited)",
					"@executable_path/Frameworks",
					"@loader_path/Frameworks",
				);
				PRODUCT_BUNDLE_IDENTIFIER = com.adrianbolinger.CanvasQuakeUITests;
				PRODUCT_NAME = "$(TARGET_NAME)";
				SWIFT_VERSION = 4.0;
				TARGETED_DEVICE_FAMILY = "1,2";
				TEST_TARGET_NAME = CanvasQuake;
			};
			name = Debug;
		};
		55562C8020C070C80016B718 /* Release */ = {
			isa = XCBuildConfiguration;
			baseConfigurationReference = 139DA04B5E1788B8400298BB /* Pods-QuakeDataUITests.release.xcconfig */;
			buildSettings = {
				ALWAYS_EMBED_SWIFT_STANDARD_LIBRARIES = YES;
				CODE_SIGN_STYLE = Automatic;
				DEVELOPMENT_TEAM = A983637AY3;
				INFOPLIST_FILE = CanvasQuakeUITests/Info.plist;
				LD_RUNPATH_SEARCH_PATHS = (
					"$(inherited)",
					"@executable_path/Frameworks",
					"@loader_path/Frameworks",
				);
				PRODUCT_BUNDLE_IDENTIFIER = com.adrianbolinger.CanvasQuakeUITests;
				PRODUCT_NAME = "$(TARGET_NAME)";
				SWIFT_VERSION = 4.0;
				TARGETED_DEVICE_FAMILY = "1,2";
				TEST_TARGET_NAME = CanvasQuake;
			};
			name = Release;
		};
/* End XCBuildConfiguration section */

/* Begin XCConfigurationList section */
		55562C4820C070C60016B718 /* Build configuration list for PBXProject "QuakeData" */ = {
			isa = XCConfigurationList;
			buildConfigurations = (
				55562C7620C070C80016B718 /* Debug */,
				55562C7720C070C80016B718 /* Release */,
			);
			defaultConfigurationIsVisible = 0;
			defaultConfigurationName = Release;
		};
		55562C7820C070C80016B718 /* Build configuration list for PBXNativeTarget "QuakeData" */ = {
			isa = XCConfigurationList;
			buildConfigurations = (
				55562C7920C070C80016B718 /* Debug */,
				55562C7A20C070C80016B718 /* Release */,
			);
			defaultConfigurationIsVisible = 0;
			defaultConfigurationName = Release;
		};
		55562C7B20C070C80016B718 /* Build configuration list for PBXNativeTarget "QuakeDataTests" */ = {
			isa = XCConfigurationList;
			buildConfigurations = (
				55562C7C20C070C80016B718 /* Debug */,
				55562C7D20C070C80016B718 /* Release */,
			);
			defaultConfigurationIsVisible = 0;
			defaultConfigurationName = Release;
		};
		55562C7E20C070C80016B718 /* Build configuration list for PBXNativeTarget "QuakeDataUITests" */ = {
			isa = XCConfigurationList;
			buildConfigurations = (
				55562C7F20C070C80016B718 /* Debug */,
				55562C8020C070C80016B718 /* Release */,
			);
			defaultConfigurationIsVisible = 0;
			defaultConfigurationName = Release;
		};
/* End XCConfigurationList section */
	};
	rootObject = 55562C4520C070C60016B718 /* Project object */;
}
